
Microsoft Visual Studio Solution File, Format Version 12.00
# Visual Studio Version 17
VisualStudioVersion = 17.4.33213.308
MinimumVisualStudioVersion = 10.0.40219.1
Project("{FAE04EC0-301F-11D3-BF4B-00C04F79EFBC}") = "Rest.Host", "Rest.Host\Rest.Host.csproj", "{956AC425-BB0D-4194-B1FC-17A40AFC772E}"
EndProject
Project("{FAE04EC0-301F-11D3-BF4B-00C04F79EFBC}") = "Core", "Core\Core.csproj", "{D17B1BE1-38FC-4D6A-9C22-25182A83A724}"
EndProject
Global
	GlobalSection(SolutionConfigurationPlatforms) = preSolution
		Debug|Any CPU = Debug|Any CPU
		Release|Any CPU = Release|Any CPU
	EndGlobalSection
	GlobalSection(ProjectConfigurationPlatforms) = postSolution
		{956AC425-BB0D-4194-B1FC-17A40AFC772E}.Debug|Any CPU.ActiveCfg = Debug|Any CPU
		{956AC425-BB0D-4194-B1FC-17A40AFC772E}.Debug|Any CPU.Build.0 = Debug|Any CPU
		{956AC425-BB0D-4194-B1FC-17A40AFC772E}.Release|Any CPU.ActiveCfg = Release|Any CPU
		{956AC425-BB0D-4194-B1FC-17A40AFC772E}.Release|Any CPU.Build.0 = Release|Any CPU
		{D17B1BE1-38FC-4D6A-9C22-25182A83A724}.Debug|Any CPU.ActiveCfg = Debug|Any CPU
		{D17B1BE1-38FC-4D6A-9C22-25182A83A724}.Debug|Any CPU.Build.0 = Debug|Any CPU
		{D17B1BE1-38FC-4D6A-9C22-25182A83A724}.Release|Any CPU.ActiveCfg = Release|Any CPU
		{D17B1BE1-38FC-4D6A-9C22-25182A83A724}.Release|Any CPU.Build.0 = Release|Any CPU
	EndGlobalSection
	GlobalSection(SolutionProperties) = preSolution
		HideSolutionNode = FALSE
	EndGlobalSection
	GlobalSection(ExtensibilityGlobals) = postSolution
		SolutionGuid = {D1A4D99D-6CAF-4E73-A564-1B0618B51D0B}
	EndGlobalSection
EndGlobal
