
Microsoft Visual Studio Solution File, Format Version 12.00
# Visual Studio Version 17
VisualStudioVersion = 17.4.33213.308
MinimumVisualStudioVersion = 10.0.40219.1
Project("{FAE04EC0-301F-11D3-BF4B-00C04F79EFBC}") = "Inheritance", "Inheritance.csproj", "{C427F2CE-0D75-4597-BBB1-B584A1145DA2}"
EndProject
Global
	GlobalSection(SolutionConfigurationPlatforms) = preSolution
		Debug|Any CPU = Debug|Any CPU
		Release|Any CPU = Release|Any CPU
	EndGlobalSection
	GlobalSection(ProjectConfigurationPlatforms) = postSolution
		{C427F2CE-0D75-4597-BBB1-B584A1145DA2}.Debug|Any CPU.ActiveCfg = Debug|Any CPU
		{C427F2CE-0D75-4597-BBB1-B584A1145DA2}.Debug|Any CPU.Build.0 = Debug|Any CPU
		{C427F2CE-0D75-4597-BBB1-B584A1145DA2}.Release|Any CPU.ActiveCfg = Release|Any CPU
		{C427F2CE-0D75-4597-BBB1-B584A1145DA2}.Release|Any CPU.Build.0 = Release|Any CPU
	EndGlobalSection
	GlobalSection(SolutionProperties) = preSolution
		HideSolutionNode = FALSE
	EndGlobalSection
	GlobalSection(ExtensibilityGlobals) = postSolution
		SolutionGuid = {C85234F7-BC21-4761-AEE9-391D0F920240}
	EndGlobalSection
EndGlobal
