
Microsoft Visual Studio Solution File, Format Version 12.00
# Visual Studio Version 17
VisualStudioVersion = 17.4.33213.308
MinimumVisualStudioVersion = 10.0.40219.1
Project("{FAE04EC0-301F-11D3-BF4B-00C04F79EFBC}") = "DataAcquisition", "DataAcquisition.csproj", "{1ED28B00-6462-4DD5-9736-9610523470D0}"
EndProject
Global
	GlobalSection(SolutionConfigurationPlatforms) = preSolution
		Debug|Any CPU = Debug|Any CPU
		Release|Any CPU = Release|Any CPU
	EndGlobalSection
	GlobalSection(ProjectConfigurationPlatforms) = postSolution
		{1ED28B00-6462-4DD5-9736-9610523470D0}.Debug|Any CPU.ActiveCfg = Debug|Any CPU
		{1ED28B00-6462-4DD5-9736-9610523470D0}.Debug|Any CPU.Build.0 = Debug|Any CPU
		{1ED28B00-6462-4DD5-9736-9610523470D0}.Release|Any CPU.ActiveCfg = Release|Any CPU
		{1ED28B00-6462-4DD5-9736-9610523470D0}.Release|Any CPU.Build.0 = Release|Any CPU
	EndGlobalSection
	GlobalSection(SolutionProperties) = preSolution
		HideSolutionNode = FALSE
	EndGlobalSection
	GlobalSection(ExtensibilityGlobals) = postSolution
		SolutionGuid = {A14F1A9E-4D06-47E3-801D-42C2E99C0C5D}
	EndGlobalSection
EndGlobal
