
Microsoft Visual Studio Solution File, Format Version 12.00
# Visual Studio Version 17
VisualStudioVersion = 17.4.33213.308
MinimumVisualStudioVersion = 10.0.40219.1
Project("{FAE04EC0-301F-11D3-BF4B-00C04F79EFBC}") = "ChainOfResponsibility", "ChainOfResponsibility.csproj", "{619CF7AF-55E7-418F-A230-E7A391C8CF13}"
EndProject
Global
	GlobalSection(SolutionConfigurationPlatforms) = preSolution
		Debug|Any CPU = Debug|Any CPU
		Release|Any CPU = Release|Any CPU
	EndGlobalSection
	GlobalSection(ProjectConfigurationPlatforms) = postSolution
		{619CF7AF-55E7-418F-A230-E7A391C8CF13}.Debug|Any CPU.ActiveCfg = Debug|Any CPU
		{619CF7AF-55E7-418F-A230-E7A391C8CF13}.Debug|Any CPU.Build.0 = Debug|Any CPU
		{619CF7AF-55E7-418F-A230-E7A391C8CF13}.Release|Any CPU.ActiveCfg = Release|Any CPU
		{619CF7AF-55E7-418F-A230-E7A391C8CF13}.Release|Any CPU.Build.0 = Release|Any CPU
	EndGlobalSection
	GlobalSection(SolutionProperties) = preSolution
		HideSolutionNode = FALSE
	EndGlobalSection
	GlobalSection(ExtensibilityGlobals) = postSolution
		SolutionGuid = {9A069A0A-AF21-4192-95C6-0A50E930F4C1}
	EndGlobalSection
EndGlobal
