
Microsoft Visual Studio Solution File, Format Version 12.00
# Visual Studio Version 17
VisualStudioVersion = 17.4.33213.308
MinimumVisualStudioVersion = 10.0.40219.1
Project("{FAE04EC0-301F-11D3-BF4B-00C04F79EFBC}") = "Decorator", "Decorator.csproj", "{3131E279-09E5-471A-8D0E-D5491A3CEF64}"
EndProject
Global
	GlobalSection(SolutionConfigurationPlatforms) = preSolution
		Debug|Any CPU = Debug|Any CPU
		Release|Any CPU = Release|Any CPU
	EndGlobalSection
	GlobalSection(ProjectConfigurationPlatforms) = postSolution
		{3131E279-09E5-471A-8D0E-D5491A3CEF64}.Debug|Any CPU.ActiveCfg = Debug|Any CPU
		{3131E279-09E5-471A-8D0E-D5491A3CEF64}.Debug|Any CPU.Build.0 = Debug|Any CPU
		{3131E279-09E5-471A-8D0E-D5491A3CEF64}.Release|Any CPU.ActiveCfg = Release|Any CPU
		{3131E279-09E5-471A-8D0E-D5491A3CEF64}.Release|Any CPU.Build.0 = Release|Any CPU
	EndGlobalSection
	GlobalSection(SolutionProperties) = preSolution
		HideSolutionNode = FALSE
	EndGlobalSection
	GlobalSection(ExtensibilityGlobals) = postSolution
		SolutionGuid = {11971EA0-0AC1-4A38-8E41-09BBDE64C5CE}
	EndGlobalSection
EndGlobal
