
Microsoft Visual Studio Solution File, Format Version 12.00
# Visual Studio Version 17
VisualStudioVersion = 17.4.33213.308
MinimumVisualStudioVersion = 10.0.40219.1
Project("{9A19103F-16F7-4668-BE54-9A1E7A4F7556}") = "DifferentAssembly", "DifferentAssembly\DifferentAssembly.csproj", "{96A403B3-E299-4886-9547-F846164A3E6F}"
EndProject
Project("{9A19103F-16F7-4668-BE54-9A1E7A4F7556}") = "SameAssembly", "SameAssembly\SameAssembly.csproj", "{FFF7FB28-13BC-4B90-BEE6-F14753F733D8}"
EndProject
Global
	GlobalSection(SolutionConfigurationPlatforms) = preSolution
		Debug|Any CPU = Debug|Any CPU
		Release|Any CPU = Release|Any CPU
	EndGlobalSection
	GlobalSection(ProjectConfigurationPlatforms) = postSolution
		{96A403B3-E299-4886-9547-F846164A3E6F}.Debug|Any CPU.ActiveCfg = Debug|Any CPU
		{96A403B3-E299-4886-9547-F846164A3E6F}.Debug|Any CPU.Build.0 = Debug|Any CPU
		{96A403B3-E299-4886-9547-F846164A3E6F}.Release|Any CPU.ActiveCfg = Release|Any CPU
		{96A403B3-E299-4886-9547-F846164A3E6F}.Release|Any CPU.Build.0 = Release|Any CPU
		{FFF7FB28-13BC-4B90-BEE6-F14753F733D8}.Debug|Any CPU.ActiveCfg = Debug|Any CPU
		{FFF7FB28-13BC-4B90-BEE6-F14753F733D8}.Debug|Any CPU.Build.0 = Debug|Any CPU
		{FFF7FB28-13BC-4B90-BEE6-F14753F733D8}.Release|Any CPU.ActiveCfg = Release|Any CPU
		{FFF7FB28-13BC-4B90-BEE6-F14753F733D8}.Release|Any CPU.Build.0 = Release|Any CPU
	EndGlobalSection
	GlobalSection(SolutionProperties) = preSolution
		HideSolutionNode = FALSE
	EndGlobalSection
	GlobalSection(ExtensibilityGlobals) = postSolution
		SolutionGuid = {18B49540-BAA1-43E1-80CC-AA95F60A8FB7}
	EndGlobalSection
EndGlobal
